// !$*UTF8*$!
{
	archiveVersion = 1;
	classes = {
	};
	objectVersion = 46;
	objects = {

/* Begin PBXBuildFile section */
		DC3082101C403FB700D18DCE /* main.swift in Sources */ = {isa = PBXBuildFile; fileRef = DC30820F1C403FB700D18DCE /* main.swift */; };
		DC3082181C403FCF00D18DCE /* Jonah's Work.swift in Sources */ = {isa = PBXBuildFile; fileRef = DC3082171C403FCF00D18DCE /* Jonah's Work.swift */; settings = {ASSET_TAGS = (); }; };
		DC30821A1C403FF200D18DCE /* TAICHEN's Work.swift in Sources */ = {isa = PBXBuildFile; fileRef = DC3082191C403FF200D18DCE /* TAICHEN's Work.swift */; settings = {ASSET_TAGS = (); }; };
		DC30821C1C403FFE00D18DCE /* Garrett's Work.swift in Sources */ = {isa = PBXBuildFile; fileRef = DC30821B1C403FFE00D18DCE /* Garrett's Work.swift */; settings = {ASSET_TAGS = (); }; };
/* End PBXBuildFile section */

/* Begin PBXCopyFilesBuildPhase section */
		DC30820A1C403FB700D18DCE /* CopyFiles */ = {
			isa = PBXCopyFilesBuildPhase;
			buildActionMask = 2147483647;
			dstPath = /usr/share/man/man1/;
			dstSubfolderSpec = 0;
			files = (
			);
			runOnlyForDeploymentPostprocessing = 1;
		};
/* End PBXCopyFilesBuildPhase section */

/* Begin PBXFileReference section */
		DC30820C1C403FB700D18DCE /* The Clueless MadLib Group */ = {isa = PBXFileReference; explicitFileType = "compiled.mach-o.executable"; includeInIndex = 0; path = "The Clueless MadLib Group"; sourceTree = BUILT_PRODUCTS_DIR; };
		DC30820F1C403FB700D18DCE /* main.swift */ = {isa = PBXFileReference; lastKnownFileType = sourcecode.swift; path = main.swift; sourceTree = "<group>"; };
		DC3082171C403FCF00D18DCE /* Jonah's Work.swift */ = {isa = PBXFileReference; fileEncoding = 4; lastKnownFileType = sourcecode.swift; path = "Jonah's Work.swift"; sourceTree = "<group>"; };
		DC3082191C403FF200D18DCE /* TAICHEN's Work.swift */ = {isa = PBXFileReference; fileEncoding = 4; lastKnownFileType = sourcecode.swift; path = "TAICHEN's Work.swift"; sourceTree = "<group>"; };
		DC30821B1C403FFE00D18DCE /* Garrett's Work.swift */ = {isa = PBXFileReference; fileEncoding = 4; lastKnownFileType = sourcecode.swift; path = "Garrett's Work.swift"; sourceTree = "<group>"; };
/* End PBXFileReference section */

/* Begin PBXFrameworksBuildPhase section */
		DC3082091C403FB700D18DCE /* Frameworks */ = {
			isa = PBXFrameworksBuildPhase;
			buildActionMask = 2147483647;
			files = (
			);
			runOnlyForDeploymentPostprocessing = 0;
		};
/* End PBXFrameworksBuildPhase section */

/* Begin PBXGroup section */
		DC3082031C403FB700D18DCE = {
			isa = PBXGroup;
			children = (
				DC30820E1C403FB700D18DCE /* The Clueless MadLib Group */,
				DC30820D1C403FB700D18DCE /* Products */,
			);
			sourceTree = "<group>";
		};
		DC30820D1C403FB700D18DCE /* Products */ = {
			isa = PBXGroup;
			children = (
				DC30820C1C403FB700D18DCE /* The Clueless MadLib Group */,
			);
			name = Products;
			sourceTree = "<group>";
		};
		DC30820E1C403FB700D18DCE /* The Clueless MadLib Group */ = {
			isa = PBXGroup;
			children = (
				DC3082161C403FBC00D18DCE /* Code */,
			);
			path = "The Clueless MadLib Group";
			sourceTree = "<group>";
		};
		DC3082161C403FBC00D18DCE /* Code */ = {
			isa = PBXGroup;
			children = (
				DC30820F1C403FB700D18DCE /* main.swift */,
				DC30821B1C403FFE00D18DCE /* Garrett's Work.swift */,
				DC3082191C403FF200D18DCE /* TAICHEN's Work.swift */,
				DC3082171C403FCF00D18DCE /* Jonah's Work.swift */,
			);
			name = Code;
			sourceTree = "<group>";
		};
/* End PBXGroup section */

/* Begin PBXNativeTarget section */
		DC30820B1C403FB700D18DCE /* The Clueless MadLib Group */ = {
			isa = PBXNativeTarget;
			buildConfigurationList = DC3082131C403FB700D18DCE /* Build configuration list for PBXNativeTarget "The Clueless MadLib Group" */;
			buildPhases = (
				DC3082081C403FB700D18DCE /* Sources */,
				DC3082091C403FB700D18DCE /* Frameworks */,
				DC30820A1C403FB700D18DCE /* CopyFiles */,
			);
			buildRules = (
			);
			dependencies = (
			);
			name = "The Clueless MadLib Group";
			productName = "The Clueless MadLib Group";
			productReference = DC30820C1C403FB700D18DCE /* The Clueless MadLib Group */;
			productType = "com.apple.product-type.tool";
		};
/* End PBXNativeTarget section */

/* Begin PBXProject section */
		DC3082041C403FB700D18DCE /* Project object */ = {
			isa = PBXProject;
			attributes = {
				LastUpgradeCheck = 0700;
				ORGANIZATIONNAME = "Garrett Machen";
				TargetAttributes = {
					DC30820B1C403FB700D18DCE = {
						CreatedOnToolsVersion = 7.0;
					};
				};
			};
			buildConfigurationList = DC3082071C403FB700D18DCE /* Build configuration list for PBXProject "The Clueless MadLib Group" */;
			compatibilityVersion = "Xcode 3.2";
			developmentRegion = English;
			hasScannedForEncodings = 0;
			knownRegions = (
				en,
			);
			mainGroup = DC3082031C403FB700D18DCE;
			productRefGroup = DC30820D1C403FB700D18DCE /* Products */;
			projectDirPath = "";
			projectRoot = "";
			targets = (
				DC30820B1C403FB700D18DCE /* The Clueless MadLib Group */,
			);
		};
/* End PBXProject section */

/* Begin PBXSourcesBuildPhase section */
		DC3082081C403FB700D18DCE /* Sources */ = {
			isa = PBXSourcesBuildPhase;
			buildActionMask = 2147483647;
			files = (
				DC30821A1C403FF200D18DCE /* TAICHEN's Work.swift in Sources */,
				DC30821C1C403FFE00D18DCE /* Garrett's Work.swift in Sources */,
				DC3082181C403FCF00D18DCE /* Jonah's Work.swift in Sources */,
				DC3082101C403FB700D18DCE /* main.swift in Sources */,
			);
			runOnlyForDeploymentPostprocessing = 0;
		};
/* End PBXSourcesBuildPhase section */

/* Begin XCBuildConfiguration section */
		DC3082111C403FB700D18DCE /* Debug */ = {
			isa = XCBuildConfiguration;
			buildSettings = {
				ALWAYS_SEARCH_USER_PATHS = NO;
				CLANG_CXX_LANGUAGE_STANDARD = "gnu++0x";
				CLANG_CXX_LIBRARY = "libc++";
				CLANG_ENABLE_MODULES = YES;
				CLANG_ENABLE_OBJC_ARC = YES;
				CLANG_WARN_BOOL_CONVERSION = YES;
				CLANG_WARN_CONSTANT_CONVERSION = YES;
				CLANG_WARN_DIRECT_OBJC_ISA_USAGE = YES_ERROR;
				CLANG_WARN_EMPTY_BODY = YES;
				CLANG_WARN_ENUM_CONVERSION = YES;
				CLANG_WARN_INT_CONVERSION = YES;
				CLANG_WARN_OBJC_ROOT_CLASS = YES_ERROR;
				CLANG_WARN_UNREACHABLE_CODE = YES;
				CLANG_WARN__DUPLICATE_METHOD_MATCH = YES;
				COPY_PHASE_STRIP = NO;
				DEBUG_INFORMATION_FORMAT = dwarf;
				ENABLE_STRICT_OBJC_MSGSEND = YES;
				ENABLE_TESTABILITY = YES;
				GCC_C_LANGUAGE_STANDARD = gnu99;
				GCC_DYNAMIC_NO_PIC = NO;
				GCC_NO_COMMON_BLOCKS = YES;
				GCC_OPTIMIZATION_LEVEL = 0;
				GCC_PREPROCESSOR_DEFINITIONS = (
					"DEBUG=1",
					"$(inherited)",
				);
				GCC_WARN_64_TO_32_BIT_CONVERSION = YES;
				GCC_WARN_ABOUT_RETURN_TYPE = YES_ERROR;
				GCC_WARN_UNDECLARED_SELECTOR = YES;
				GCC_WARN_UNINITIALIZED_AUTOS = YES_AGGRESSIVE;
				GCC_WARN_UNUSED_FUNCTION = YES;
				GCC_WARN_UNUSED_VARIABLE = YES;
				MACOSX_DEPLOYMENT_TARGET = 10.10;
				MTL_ENABLE_DEBUG_INFO = YES;
				ONLY_ACTIVE_ARCH = YES;
				SDKROOT = macosx;
				SWIFT_OPTIMIZATION_LEVEL = "-Onone";
			};
			name = Debug;
		};
		DC3082121C403FB700D18DCE /* Release */ = {
			isa = XCBuildConfiguration;
			buildSettings = {
				ALWAYS_SEARCH_USER_PATHS = NO;
				CLANG_CXX_LANGUAGE_STANDARD = "gnu++0x";
				CLANG_CXX_LIBRARY = "libc++";
				CLANG_ENABLE_MODULES = YES;
				CLANG_ENABLE_OBJC_ARC = YES;
				CLANG_WARN_BOOL_CONVERSION = YES;
				CLANG_WARN_CONSTANT_CONVERSION = YES;
				CLANG_WARN_DIRECT_OBJC_ISA_USAGE = YES_ERROR;
				CLANG_WARN_EMPTY_BODY = YES;
				CLANG_WARN_ENUM_CONVERSION = YES;
				CLANG_WARN_INT_CONVERSION = YES;
				CLANG_WARN_OBJC_ROOT_CLASS = YES_ERROR;
				CLANG_WARN_UNREACHABLE_CODE = YES;
				CLANG_WARN__DUPLICATE_METHOD_MATCH = YES;
				COPY_PHASE_STRIP = NO;
				DEBUG_INFORMATION_FORMAT = "dwarf-with-dsym";
				ENABLE_NS_ASSERTIONS = NO;
				ENABLE_STRICT_OBJC_MSGSEND = YES;
				GCC_C_LANGUAGE_STANDARD = gnu99;
				GCC_NO_COMMON_BLOCKS = YES;
				GCC_WARN_64_TO_32_BIT_CONVERSION = YES;
				GCC_WARN_ABOUT_RETURN_TYPE = YES_ERROR;
				GCC_WARN_UNDECLARED_SELECTOR = YES;
				GCC_WARN_UNINITIALIZED_AUTOS = YES_AGGRESSIVE;
				GCC_WARN_UNUSED_FUNCTION = YES;
				GCC_WARN_UNUSED_VARIABLE = YES;
				MACOSX_DEPLOYMENT_TARGET = 10.10;
				MTL_ENABLE_DEBUG_INFO = NO;
				SDKROOT = macosx;
			};
			name = Release;
		};
		DC3082141C403FB700D18DCE /* Debug */ = {
			isa = XCBuildConfiguration;
			buildSettings = {
				PRODUCT_NAME = "$(TARGET_NAME)";
			};
			name = Debug;
		};
		DC3082151C403FB700D18DCE /* Release */ = {
			isa = XCBuildConfiguration;
			buildSettings = {
				PRODUCT_NAME = "$(TARGET_NAME)";
			};
			name = Release;
		};
/* End XCBuildConfiguration section */

/* Begin XCConfigurationList section */
		DC3082071C403FB700D18DCE /* Build configuration list for PBXProject "The Clueless MadLib Group" */ = {
			isa = XCConfigurationList;
			buildConfigurations = (
				DC3082111C403FB700D18DCE /* Debug */,
				DC3082121C403FB700D18DCE /* Release */,
			);
			defaultConfigurationIsVisible = 0;
			defaultConfigurationName = Release;
		};
		DC3082131C403FB700D18DCE /* Build configuration list for PBXNativeTarget "The Clueless MadLib Group" */ = {
			isa = XCConfigurationList;
			buildConfigurations = (
				DC3082141C403FB700D18DCE /* Debug */,
				DC3082151C403FB700D18DCE /* Release */,
			);
			defaultConfigurationIsVisible = 0;
			defaultConfigurationName = Release;
		};
/* End XCConfigurationList section */
	};
	rootObject = DC3082041C403FB700D18DCE /* Project object */;
}
